
Microsoft Visual Studio Solution File, Format Version 12.00
# Visual Studio 16
Project("{FAE04EC0-301F-11D3-BF4B-00C04F79EFBC}") = "SteamVR", "SteamVR.csproj", "{D243A8AB-0FED-5476-EB8F-123BE35A0EC1}"
EndProject
Project("{FAE04EC0-301F-11D3-BF4B-00C04F79EFBC}") = "SteamVR_Actions", "SteamVR_Actions.csproj", "{808FB1E4-D9DB-C752-8836-CAA9E49736A7}"
EndProject
Project("{FAE04EC0-301F-11D3-BF4B-00C04F79EFBC}") = "Assembly-CSharp", "Assembly-CSharp.csproj", "{C244EC9C-6818-BFB5-7124-A7C7FE383191}"
EndProject
Project("{FAE04EC0-301F-11D3-BF4B-00C04F79EFBC}") = "SteamVR_Editor", "SteamVR_Editor.csproj", "{6D4F2C97-3A73-EB86-6A16-A904FCFD2E64}"
EndProject
Project("{FAE04EC0-301F-11D3-BF4B-00C04F79EFBC}") = "SteamVR_Input_Editor", "SteamVR_Input_Editor.csproj", "{A4AB9595-EE61-7D05-33B4-127991764A3D}"
EndProject
Project("{FAE04EC0-301F-11D3-BF4B-00C04F79EFBC}") = "SteamVR_Windows_EditorHelper", "SteamVR_Windows_EditorHelper.csproj", "{3E6F0131-CB7A-7D3A-AAF6-D16C250D9974}"
EndProject
Global
	GlobalSection(SolutionConfigurationPlatforms) = preSolution
		Debug|Any CPU = Debug|Any CPU
		Release|Any CPU = Release|Any CPU
	EndGlobalSection
	GlobalSection(ProjectConfigurationPlatforms) = postSolution
		{D243A8AB-0FED-5476-EB8F-123BE35A0EC1}.Debug|Any CPU.ActiveCfg = Debug|Any CPU
		{D243A8AB-0FED-5476-EB8F-123BE35A0EC1}.Debug|Any CPU.Build.0 = Debug|Any CPU
		{D243A8AB-0FED-5476-EB8F-123BE35A0EC1}.Release|Any CPU.ActiveCfg = Release|Any CPU
		{D243A8AB-0FED-5476-EB8F-123BE35A0EC1}.Release|Any CPU.Build.0 = Release|Any CPU
		{808FB1E4-D9DB-C752-8836-CAA9E49736A7}.Debug|Any CPU.ActiveCfg = Debug|Any CPU
		{808FB1E4-D9DB-C752-8836-CAA9E49736A7}.Debug|Any CPU.Build.0 = Debug|Any CPU
		{808FB1E4-D9DB-C752-8836-CAA9E49736A7}.Release|Any CPU.ActiveCfg = Release|Any CPU
		{808FB1E4-D9DB-C752-8836-CAA9E49736A7}.Release|Any CPU.Build.0 = Release|Any CPU
		{C244EC9C-6818-BFB5-7124-A7C7FE383191}.Debug|Any CPU.ActiveCfg = Debug|Any CPU
		{C244EC9C-6818-BFB5-7124-A7C7FE383191}.Debug|Any CPU.Build.0 = Debug|Any CPU
		{C244EC9C-6818-BFB5-7124-A7C7FE383191}.Release|Any CPU.ActiveCfg = Release|Any CPU
		{C244EC9C-6818-BFB5-7124-A7C7FE383191}.Release|Any CPU.Build.0 = Release|Any CPU
		{6D4F2C97-3A73-EB86-6A16-A904FCFD2E64}.Debug|Any CPU.ActiveCfg = Debug|Any CPU
		{6D4F2C97-3A73-EB86-6A16-A904FCFD2E64}.Debug|Any CPU.Build.0 = Debug|Any CPU
		{6D4F2C97-3A73-EB86-6A16-A904FCFD2E64}.Release|Any CPU.ActiveCfg = Release|Any CPU
		{6D4F2C97-3A73-EB86-6A16-A904FCFD2E64}.Release|Any CPU.Build.0 = Release|Any CPU
		{A4AB9595-EE61-7D05-33B4-127991764A3D}.Debug|Any CPU.ActiveCfg = Debug|Any CPU
		{A4AB9595-EE61-7D05-33B4-127991764A3D}.Debug|Any CPU.Build.0 = Debug|Any CPU
		{A4AB9595-EE61-7D05-33B4-127991764A3D}.Release|Any CPU.ActiveCfg = Release|Any CPU
		{A4AB9595-EE61-7D05-33B4-127991764A3D}.Release|Any CPU.Build.0 = Release|Any CPU
		{3E6F0131-CB7A-7D3A-AAF6-D16C250D9974}.Debug|Any CPU.ActiveCfg = Debug|Any CPU
		{3E6F0131-CB7A-7D3A-AAF6-D16C250D9974}.Debug|Any CPU.Build.0 = Debug|Any CPU
		{3E6F0131-CB7A-7D3A-AAF6-D16C250D9974}.Release|Any CPU.ActiveCfg = Release|Any CPU
		{3E6F0131-CB7A-7D3A-AAF6-D16C250D9974}.Release|Any CPU.Build.0 = Release|Any CPU
	EndGlobalSection
	GlobalSection(SolutionProperties) = preSolution
		HideSolutionNode = FALSE
	EndGlobalSection
	GlobalSection(MonoDevelopProperties) = preSolution
		StartupItem = Assembly-CSharp.csproj
	EndGlobalSection
EndGlobal
